
Microsoft Visual Studio Solution File, Format Version 12.00
# Visual Studio Version 16
VisualStudioVersion = 16.0.30717.126
MinimumVisualStudioVersion = 10.0.40219.1
Project("{9A19103F-16F7-4668-BE54-9A1E7A4F7556}") = "VismaTest.API", "VismaTest\VismaTest.API\VismaTest.API.csproj", "{2EBE4918-50BC-4F06-AA23-7169E0A4589C}"
EndProject
Project("{9A19103F-16F7-4668-BE54-9A1E7A4F7556}") = "VismaTest.Application", "VismaTest\VismaTest.Application\VismaTest.Application.csproj", "{59E1EA09-C382-402F-9E4C-A90C24BFAAFC}"
EndProject
Project("{9A19103F-16F7-4668-BE54-9A1E7A4F7556}") = "VismaTest.Bootstrap", "VismaTest\VismaTest.Bootstrap\VismaTest.Bootstrap.csproj", "{E6E31338-6297-494A-822F-7447D5B8C68F}"
EndProject
Project("{9A19103F-16F7-4668-BE54-9A1E7A4F7556}") = "VismaTest.Domain", "VismaTest\VismaTest.Domain\VismaTest.Domain.csproj", "{A1DA09AF-D6EE-4DEF-8FD5-01305B067099}"
EndProject
Project("{9A19103F-16F7-4668-BE54-9A1E7A4F7556}") = "VismaTest.Persistance", "VismaTest\VismaTest.Persistance\VismaTest.Persistance.csproj", "{15BBF969-63D8-4CEE-B713-4F71AE7B8659}"
EndProject
Global
	GlobalSection(SolutionConfigurationPlatforms) = preSolution
		Debug|Any CPU = Debug|Any CPU
		Release|Any CPU = Release|Any CPU
	EndGlobalSection
	GlobalSection(ProjectConfigurationPlatforms) = postSolution
		{2EBE4918-50BC-4F06-AA23-7169E0A4589C}.Debug|Any CPU.ActiveCfg = Debug|Any CPU
		{2EBE4918-50BC-4F06-AA23-7169E0A4589C}.Debug|Any CPU.Build.0 = Debug|Any CPU
		{2EBE4918-50BC-4F06-AA23-7169E0A4589C}.Release|Any CPU.ActiveCfg = Release|Any CPU
		{2EBE4918-50BC-4F06-AA23-7169E0A4589C}.Release|Any CPU.Build.0 = Release|Any CPU
		{59E1EA09-C382-402F-9E4C-A90C24BFAAFC}.Debug|Any CPU.ActiveCfg = Debug|Any CPU
		{59E1EA09-C382-402F-9E4C-A90C24BFAAFC}.Debug|Any CPU.Build.0 = Debug|Any CPU
		{59E1EA09-C382-402F-9E4C-A90C24BFAAFC}.Release|Any CPU.ActiveCfg = Release|Any CPU
		{59E1EA09-C382-402F-9E4C-A90C24BFAAFC}.Release|Any CPU.Build.0 = Release|Any CPU
		{E6E31338-6297-494A-822F-7447D5B8C68F}.Debug|Any CPU.ActiveCfg = Debug|Any CPU
		{E6E31338-6297-494A-822F-7447D5B8C68F}.Debug|Any CPU.Build.0 = Debug|Any CPU
		{E6E31338-6297-494A-822F-7447D5B8C68F}.Release|Any CPU.ActiveCfg = Release|Any CPU
		{E6E31338-6297-494A-822F-7447D5B8C68F}.Release|Any CPU.Build.0 = Release|Any CPU
		{A1DA09AF-D6EE-4DEF-8FD5-01305B067099}.Debug|Any CPU.ActiveCfg = Debug|Any CPU
		{A1DA09AF-D6EE-4DEF-8FD5-01305B067099}.Debug|Any CPU.Build.0 = Debug|Any CPU
		{A1DA09AF-D6EE-4DEF-8FD5-01305B067099}.Release|Any CPU.ActiveCfg = Release|Any CPU
		{A1DA09AF-D6EE-4DEF-8FD5-01305B067099}.Release|Any CPU.Build.0 = Release|Any CPU
		{15BBF969-63D8-4CEE-B713-4F71AE7B8659}.Debug|Any CPU.ActiveCfg = Debug|Any CPU
		{15BBF969-63D8-4CEE-B713-4F71AE7B8659}.Debug|Any CPU.Build.0 = Debug|Any CPU
		{15BBF969-63D8-4CEE-B713-4F71AE7B8659}.Release|Any CPU.ActiveCfg = Release|Any CPU
		{15BBF969-63D8-4CEE-B713-4F71AE7B8659}.Release|Any CPU.Build.0 = Release|Any CPU
	EndGlobalSection
	GlobalSection(SolutionProperties) = preSolution
		HideSolutionNode = FALSE
	EndGlobalSection
	GlobalSection(ExtensibilityGlobals) = postSolution
		SolutionGuid = {237E96ED-D23D-4797-982F-6F9CC5EA2429}
	EndGlobalSection
EndGlobal
